{
  "version": 4,
  "terraform_version": "1.13.1",
  "serial": 13,
  "lineage": "005343cc-78a7-ffd9-edf5-70d4ee5a9eb9",
  "outputs": {
    "cluster_endpoint": {
      "value": "35.239.160.242",
      "type": "string"
    },
    "kubeconfig": {
      "value": "apiVersion: v1\nclusters:\n- cluster:\n    certificate-authority-data: LS0tLS1CRUdJTiBDRVJUSUZJQ0FURS0tLS0tCk1JSUVMRENDQXBTZ0F3SUJBZ0lRQWgveHhLQWoxRXlUbWJTMGZhcTlrekFOQmdrcWhraUc5dzBCQVFzRkFEQXYKTVMwd0t3WURWUVFERXlSbU0yWTRNR1E1WWkwellUUTRMVFJpTXpBdE9EVmtPQzB5TW1aaFpqRmlORE01TUdZdwpJQmNOTWpVd09UQTNNVGcwTmpJd1doZ1BNakExTlRBNE16RXhPVFEyTWpCYU1DOHhMVEFyQmdOVkJBTVRKR1l6ClpqZ3daRGxpTFROaE5EZ3ROR0l6TUMwNE5XUTRMVEl5Wm1GbU1XSTBNemt3WmpDQ0FhSXdEUVlKS29aSWh2Y04KQVFFQkJRQURnZ0dQQURDQ0FZb0NnZ0dCQU11aFFSSlVERXJ5TEh3Uzk2NEZ1Q0lIQmtGRnRXRCttVGNNSGFySAprRU9iU0t1Y3kwYnM3N1daRnlxTWM2eURZK0dta25XOFAyU29LbFd0SkxDU3h0UkxnamdyT3VHTUVybWlsekYxCloraTBENVFtM281QzRtSDl4SmF5QXM2VjlIeHVTZXdpTkMveFArMGRJL1l3cnRhNHYvMVFybjd3TldsNEovUVgKL29VZlQxZ0F2eFRueEd4Yml1YlNlc3dmUVZJL3ZUQmFoc3lFd3c2MnNGRUJyakRLbmZ0N1BiR1o2cUNFSXpKTgpjdmF1UlQvVEN4TTREUDNBODd5dDd0VGJoZTg1UTlBdzBVY1lrdnJFUHdYUW8rM3ZqbC9mUk1BT3h4L1hmREtPCmRsUS92OTIvU0d6bCt6TlAzMmowdWZvRWtGT2pRbEpYK1BTazBDYWo4Z1dwdzR3eDNpcW05OUlTaS9UTnJPMUUKTnFLSkRGcWxHZVVSRzgrdWFwZGlRN3BJcjYyZGt3LzFMMmlnMmFIbWJYdWxIWmtER3pDYnVGUFpJZU45ZXdUQQo4NjJZaWZXSlFadXN5S3d2VTAzclVDbHNOTzN4cE1XVExCMWYxaTE3S2xESVYzNGNTTWtuZ3FocG9QK3lXUzRsCjlTY1dlLzJYZndwcXBBZTF3NFl5TDJJd3RRSURBUUFCbzBJd1FEQU9CZ05WSFE4QkFmOEVCQU1DQWdRd0R3WUQKVlIwVEFRSC9CQVV3QXdFQi96QWRCZ05WSFE0RUZnUVVKait2MGNzWjZJU0ZEYVErM3JwclF0SkVLOEl3RFFZSgpLb1pJaHZjTkFRRUxCUUFEZ2dHQkFCTnFkaUNNemgraGZXZUZvaEVpaGgrajZUVy8ybEtzVGZ5WGF4K0ZzcHlOCmRRMHdjY0RBR2RtR2pLMDl2MHhtS0RERVA3TTlQdllYbU9OMllXYTV1WFhqMmxpYVdOWmNOMUt2c1plMEx5RWgKUnpaTEZaUjdpWEJ4K1Z5ZVNXYWJvbXpOVHlhTFZTRkFtZ3V4S1A0RktFWjF0U3BBOHFvdDdYU0hiZ1JMRFg2TwpDaWZFa1NTSlN4a3hSemtzRHdYWEtsT2I5R2dFQkVFQTZGaENvM0hQdTNLNitMa2prUG1rc0FGc0lXOU1PRUpVClF2cjJna1hPUVNqVGxrL0VuMGxIMkZxSGN1eGlQZS8xUW9KTGVibXZia2FSWDJlYkFJM3dua1VXcGlqSDQ3N1cKdVpQNlhFMzZyaDNidDFxb211dUpUU1NwQUVMQTFNZW00N2dTdVczNFJQbnF0TG5nRks4WXp4cjFnamNMN3hYawpBWUJrK2dSUStRbFcrWFlLV2d5ejQ1aFJNZ2UvS0xaWUVkb25LR1dGTUs2eHUwV2dKWFIzcTF5QThCRDkwczkxCnArZS9FUUtjWENUZTgyak90a1AvT3BPTHZmMkpGRExaZVNUOStteGsrWVZSMlk1WHlkVVM3djBRaXNURFpGTTMKeExJSG9BbWl4NjB2c0hKbXVGUWJKQT09Ci0tLS0tRU5EIENFUlRJRklDQVRFLS0tLS0K\n    server: https://35.239.160.242\n  name: my-gke-cluster\ncontexts:\n- context:\n    cluster: my-gke-cluster\n    user: my-gke-cluster\n  name: my-gke-cluster\ncurrent-context: my-gke-cluster\nkind: Config\npreferences: {}\nusers:\n- name: my-gke-cluster\n  user:\n    auth-provider:\n      name: gcp\n",
      "type": "string"
    }
  },
  "resources": [
    {
      "module": "module.gke",
      "mode": "managed",
      "type": "google_container_cluster",
      "name": "primary",
      "provider": "provider[\"registry.terraform.io/hashicorp/google\"]",
      "instances": [
        {
          "schema_version": 2,
          "attributes": {
            "addons_config": [
              {
                "cloudrun_config": [],
                "config_connector_config": [],
                "dns_cache_config": [],
                "gce_persistent_disk_csi_driver_config": [
                  {
                    "enabled": true
                  }
                ],
                "gcp_filestore_csi_driver_config": [],
                "gcs_fuse_csi_driver_config": [],
                "gke_backup_agent_config": [],
                "horizontal_pod_autoscaling": [],
                "http_load_balancing": [],
                "lustre_csi_driver_config": [],
                "network_policy_config": [
                  {
                    "disabled": true
                  }
                ],
                "parallelstore_csi_driver_config": [],
                "ray_operator_config": [],
                "stateful_ha_config": []
              }
            ],
            "allow_net_admin": null,
            "anonymous_authentication_config": [
              {
                "mode": "ENABLED"
              }
            ],
            "authenticator_groups_config": [],
            "binary_authorization": [
              {
                "enabled": false,
                "evaluation_mode": ""
              }
            ],
            "cluster_autoscaling": [
              {
                "auto_provisioning_defaults": [],
                "auto_provisioning_locations": [],
                "autoscaling_profile": "BALANCED",
                "default_compute_class_enabled": false,
                "enabled": false,
                "resource_limits": []
              }
            ],
            "cluster_ipv4_cidr": "10.172.0.0/14",
            "confidential_nodes": [],
            "control_plane_endpoints_config": [
              {
                "dns_endpoint_config": [
                  {
                    "allow_external_traffic": false,
                    "endpoint": "gke-c568bc5126f740f38334a1ee697ff9754bd1-945190110699.us-central1-a.gke.goog"
                  }
                ],
                "ip_endpoints_config": [
                  {
                    "enabled": true
                  }
                ]
              }
            ],
            "cost_management_config": [],
            "database_encryption": [
              {
                "key_name": "",
                "state": "DECRYPTED"
              }
            ],
            "datapath_provider": "",
            "default_max_pods_per_node": 110,
            "default_snat_status": [
              {
                "disabled": false
              }
            ],
            "deletion_protection": false,
            "description": "",
            "disable_l4_lb_firewall_reconciliation": false,
            "dns_config": [],
            "effective_labels": {
              "goog-terraform-provisioned": "true"
            },
            "enable_autopilot": false,
            "enable_cilium_clusterwide_network_policy": false,
            "enable_fqdn_network_policy": false,
            "enable_intranode_visibility": false,
            "enable_k8s_beta_apis": [],
            "enable_kubernetes_alpha": false,
            "enable_l4_ilb_subsetting": false,
            "enable_legacy_abac": false,
            "enable_multi_networking": false,
            "enable_shielded_nodes": true,
            "enable_tpu": false,
            "endpoint": "35.239.160.242",
            "enterprise_config": [
              {
                "cluster_tier": "STANDARD",
                "desired_tier": ""
              }
            ],
            "fleet": [],
            "gateway_api_config": [],
            "gke_auto_upgrade_config": [],
            "id": "projects/deep-chimera-467216-u3/locations/us-central1-a/clusters/my-gke-cluster",
            "identity_service_config": [],
            "in_transit_encryption_config": "",
            "initial_node_count": 1,
            "ip_allocation_policy": [
              {
                "additional_ip_ranges_config": [],
                "additional_pod_ranges_config": [],
                "cluster_ipv4_cidr_block": "10.172.0.0/14",
                "cluster_secondary_range_name": "gke-my-gke-cluster-pods-c568bc51",
                "pod_cidr_overprovision_config": [
                  {
                    "disabled": false
                  }
                ],
                "services_ipv4_cidr_block": "34.118.224.0/20",
                "services_secondary_range_name": "",
                "stack_type": "IPV4"
              }
            ],
            "label_fingerprint": "78cdf2f6",
            "location": "us-central1-a",
            "logging_config": [
              {
                "enable_components": [
                  "SYSTEM_COMPONENTS",
                  "WORKLOADS"
                ]
              }
            ],
            "logging_service": "logging.googleapis.com/kubernetes",
            "maintenance_policy": [],
            "master_auth": [
              {
                "client_certificate": "",
                "client_certificate_config": [
                  {
                    "issue_client_certificate": false
                  }
                ],
                "client_key": "",
                "cluster_ca_certificate": "LS0tLS1CRUdJTiBDRVJUSUZJQ0FURS0tLS0tCk1JSUVMRENDQXBTZ0F3SUJBZ0lRQWgveHhLQWoxRXlUbWJTMGZhcTlrekFOQmdrcWhraUc5dzBCQVFzRkFEQXYKTVMwd0t3WURWUVFERXlSbU0yWTRNR1E1WWkwellUUTRMVFJpTXpBdE9EVmtPQzB5TW1aaFpqRmlORE01TUdZdwpJQmNOTWpVd09UQTNNVGcwTmpJd1doZ1BNakExTlRBNE16RXhPVFEyTWpCYU1DOHhMVEFyQmdOVkJBTVRKR1l6ClpqZ3daRGxpTFROaE5EZ3ROR0l6TUMwNE5XUTRMVEl5Wm1GbU1XSTBNemt3WmpDQ0FhSXdEUVlKS29aSWh2Y04KQVFFQkJRQURnZ0dQQURDQ0FZb0NnZ0dCQU11aFFSSlVERXJ5TEh3Uzk2NEZ1Q0lIQmtGRnRXRCttVGNNSGFySAprRU9iU0t1Y3kwYnM3N1daRnlxTWM2eURZK0dta25XOFAyU29LbFd0SkxDU3h0UkxnamdyT3VHTUVybWlsekYxCloraTBENVFtM281QzRtSDl4SmF5QXM2VjlIeHVTZXdpTkMveFArMGRJL1l3cnRhNHYvMVFybjd3TldsNEovUVgKL29VZlQxZ0F2eFRueEd4Yml1YlNlc3dmUVZJL3ZUQmFoc3lFd3c2MnNGRUJyakRLbmZ0N1BiR1o2cUNFSXpKTgpjdmF1UlQvVEN4TTREUDNBODd5dDd0VGJoZTg1UTlBdzBVY1lrdnJFUHdYUW8rM3ZqbC9mUk1BT3h4L1hmREtPCmRsUS92OTIvU0d6bCt6TlAzMmowdWZvRWtGT2pRbEpYK1BTazBDYWo4Z1dwdzR3eDNpcW05OUlTaS9UTnJPMUUKTnFLSkRGcWxHZVVSRzgrdWFwZGlRN3BJcjYyZGt3LzFMMmlnMmFIbWJYdWxIWmtER3pDYnVGUFpJZU45ZXdUQQo4NjJZaWZXSlFadXN5S3d2VTAzclVDbHNOTzN4cE1XVExCMWYxaTE3S2xESVYzNGNTTWtuZ3FocG9QK3lXUzRsCjlTY1dlLzJYZndwcXBBZTF3NFl5TDJJd3RRSURBUUFCbzBJd1FEQU9CZ05WSFE4QkFmOEVCQU1DQWdRd0R3WUQKVlIwVEFRSC9CQVV3QXdFQi96QWRCZ05WSFE0RUZnUVVKait2MGNzWjZJU0ZEYVErM3JwclF0SkVLOEl3RFFZSgpLb1pJaHZjTkFRRUxCUUFEZ2dHQkFCTnFkaUNNemgraGZXZUZvaEVpaGgrajZUVy8ybEtzVGZ5WGF4K0ZzcHlOCmRRMHdjY0RBR2RtR2pLMDl2MHhtS0RERVA3TTlQdllYbU9OMllXYTV1WFhqMmxpYVdOWmNOMUt2c1plMEx5RWgKUnpaTEZaUjdpWEJ4K1Z5ZVNXYWJvbXpOVHlhTFZTRkFtZ3V4S1A0RktFWjF0U3BBOHFvdDdYU0hiZ1JMRFg2TwpDaWZFa1NTSlN4a3hSemtzRHdYWEtsT2I5R2dFQkVFQTZGaENvM0hQdTNLNitMa2prUG1rc0FGc0lXOU1PRUpVClF2cjJna1hPUVNqVGxrL0VuMGxIMkZxSGN1eGlQZS8xUW9KTGVibXZia2FSWDJlYkFJM3dua1VXcGlqSDQ3N1cKdVpQNlhFMzZyaDNidDFxb211dUpUU1NwQUVMQTFNZW00N2dTdVczNFJQbnF0TG5nRks4WXp4cjFnamNMN3hYawpBWUJrK2dSUStRbFcrWFlLV2d5ejQ1aFJNZ2UvS0xaWUVkb25LR1dGTUs2eHUwV2dKWFIzcTF5QThCRDkwczkxCnArZS9FUUtjWENUZTgyak90a1AvT3BPTHZmMkpGRExaZVNUOStteGsrWVZSMlk1WHlkVVM3djBRaXNURFpGTTMKeExJSG9BbWl4NjB2c0hKbXVGUWJKQT09Ci0tLS0tRU5EIENFUlRJRklDQVRFLS0tLS0K"
              }
            ],
            "master_authorized_networks_config": [],
            "master_version": "1.33.3-gke.1136000",
            "mesh_certificates": [],
            "min_master_version": null,
            "monitoring_config": [
              {
                "advanced_datapath_observability_config": [
                  {
                    "enable_metrics": false,
                    "enable_relay": false
                  }
                ],
                "enable_components": [
                  "SYSTEM_COMPONENTS",
                  "JOBSET",
                  "STORAGE",
                  "HPA",
                  "POD",
                  "DAEMONSET",
                  "DEPLOYMENT",
                  "STATEFULSET",
                  "CADVISOR",
                  "KUBELET",
                  "DCGM"
                ],
                "managed_prometheus": [
                  {
                    "auto_monitoring_config": [],
                    "enabled": true
                  }
                ]
              }
            ],
            "monitoring_service": "monitoring.googleapis.com/kubernetes",
            "name": "my-gke-cluster",
            "network": "projects/deep-chimera-467216-u3/global/networks/terry-gke-vpc",
            "network_performance_config": [],
            "network_policy": [
              {
                "enabled": false,
                "provider": "PROVIDER_UNSPECIFIED"
              }
            ],
            "networking_mode": "VPC_NATIVE",
            "node_config": [],
            "node_locations": [],
            "node_pool": [],
            "node_pool_auto_config": [
              {
                "linux_node_config": [],
                "network_tags": [],
                "node_kubelet_config": [
                  {
                    "insecure_kubelet_readonly_port_enabled": "FALSE"
                  }
                ],
                "resource_manager_tags": {}
              }
            ],
            "node_pool_defaults": [
              {
                "node_config_defaults": [
                  {
                    "containerd_config": [],
                    "gcfs_config": [],
                    "insecure_kubelet_readonly_port_enabled": "FALSE",
                    "logging_variant": "DEFAULT"
                  }
                ]
              }
            ],
            "node_version": "1.33.3-gke.1136000",
            "notification_config": [
              {
                "pubsub": [
                  {
                    "enabled": false,
                    "filter": [],
                    "topic": ""
                  }
                ]
              }
            ],
            "operation": null,
            "pod_autoscaling": [
              {
                "hpa_profile": "HPA_PROFILE_UNSPECIFIED"
              }
            ],
            "private_cluster_config": [
              {
                "enable_private_endpoint": false,
                "enable_private_nodes": false,
                "master_global_access_config": [
                  {
                    "enabled": false
                  }
                ],
                "master_ipv4_cidr_block": "",
                "peering_name": "",
                "private_endpoint": "10.0.1.2",
                "private_endpoint_subnetwork": "",
                "public_endpoint": "35.239.160.242"
              }
            ],
            "private_ipv6_google_access": "",
            "project": "deep-chimera-467216-u3",
            "rbac_binding_config": [
              {
                "enable_insecure_binding_system_authenticated": true,
                "enable_insecure_binding_system_unauthenticated": true
              }
            ],
            "release_channel": [
              {
                "channel": "REGULAR"
              }
            ],
            "remove_default_node_pool": true,
            "resource_labels": null,
            "resource_usage_export_config": [],
            "secret_manager_config": [
              {
                "enabled": false
              }
            ],
            "security_posture_config": [
              {
                "mode": "BASIC",
                "vulnerability_mode": "VULNERABILITY_MODE_UNSPECIFIED"
              }
            ],
            "self_link": "https://container.googleapis.com/v1/projects/deep-chimera-467216-u3/zones/us-central1-a/clusters/my-gke-cluster",
            "service_external_ips_config": [
              {
                "enabled": false
              }
            ],
            "services_ipv4_cidr": "34.118.224.0/20",
            "subnetwork": "projects/deep-chimera-467216-u3/regions/us-central1/subnetworks/terry-gke-subnet-1",
            "terraform_labels": {
              "goog-terraform-provisioned": "true"
            },
            "timeouts": null,
            "tpu_ipv4_cidr_block": "",
            "user_managed_keys_config": [],
            "vertical_pod_autoscaling": [],
            "workload_identity_config": []
          },
          "sensitive_attributes": [
            [
              {
                "type": "get_attr",
                "value": "master_auth"
              },
              {
                "type": "index",
                "value": {
                  "value": 0,
                  "type": "number"
                }
              },
              {
                "type": "get_attr",
                "value": "client_key"
              }
            ]
          ],
          "identity_schema_version": 0,
          "private": "eyJlMmJmYjczMC1lY2FhLTExZTYtOGY4OC0zNDM2M2JjN2M0YzAiOnsiY3JlYXRlIjoyNDAwMDAwMDAwMDAwLCJkZWxldGUiOjI0MDAwMDAwMDAwMDAsInJlYWQiOjI0MDAwMDAwMDAwMDAsInVwZGF0ZSI6MzYwMDAwMDAwMDAwMH0sInNjaGVtYV92ZXJzaW9uIjoiMiJ9",
          "dependencies": [
            "module.iam.google_service_account.gke_node_sa",
            "module.network.google_compute_network.vpc_network",
            "module.network.google_compute_subnetwork.subnet1"
          ]
        }
      ]
    },
    {
      "module": "module.gke",
      "mode": "managed",
      "type": "google_container_node_pool",
      "name": "primary_nodes",
      "provider": "provider[\"registry.terraform.io/hashicorp/google\"]",
      "instances": [
        {
          "schema_version": 1,
          "attributes": {
            "autoscaling": [],
            "cluster": "my-gke-cluster",
            "id": "projects/deep-chimera-467216-u3/locations/us-central1-a/clusters/my-gke-cluster/nodePools/primary-node-pool",
            "initial_node_count": 2,
            "instance_group_urls": [
              "https://www.googleapis.com/compute/v1/projects/deep-chimera-467216-u3/zones/us-central1-a/instanceGroupManagers/gke-my-gke-cluster-primary-node-pool-04f69779-grp"
            ],
            "location": "us-central1-a",
            "managed_instance_group_urls": [
              "https://www.googleapis.com/compute/v1/projects/deep-chimera-467216-u3/zones/us-central1-a/instanceGroups/gke-my-gke-cluster-primary-node-pool-04f69779-grp"
            ],
            "management": [
              {
                "auto_repair": true,
                "auto_upgrade": true
              }
            ],
            "max_pods_per_node": 110,
            "name": "primary-node-pool",
            "name_prefix": "",
            "network_config": [
              {
                "additional_node_network_configs": [],
                "additional_pod_network_configs": [],
                "create_pod_range": false,
                "enable_private_nodes": false,
                "network_performance_config": [],
                "pod_cidr_overprovision_config": [],
                "pod_ipv4_cidr_block": "10.172.0.0/14",
                "pod_range": "gke-my-gke-cluster-pods-c568bc51",
                "subnetwork": "projects/deep-chimera-467216-u3/regions/us-central1/subnetworks/terry-gke-subnet-1"
              }
            ],
            "node_config": [
              {
                "advanced_machine_features": [],
                "boot_disk": [
                  {
                    "disk_type": "pd-balanced",
                    "provisioned_iops": 0,
                    "provisioned_throughput": 0,
                    "size_gb": 100
                  }
                ],
                "boot_disk_kms_key": "",
                "confidential_nodes": [],
                "containerd_config": [],
                "disk_size_gb": 100,
                "disk_type": "pd-balanced",
                "effective_taints": [],
                "enable_confidential_storage": false,
                "ephemeral_storage_local_ssd_config": [],
                "fast_socket": [],
                "flex_start": false,
                "gcfs_config": [],
                "guest_accelerator": [],
                "gvnic": [],
                "host_maintenance_policy": [],
                "image_type": "COS_CONTAINERD",
                "kubelet_config": [
                  {
                    "allowed_unsafe_sysctls": [],
                    "container_log_max_files": 0,
                    "container_log_max_size": "",
                    "cpu_cfs_quota": false,
                    "cpu_cfs_quota_period": "",
                    "cpu_manager_policy": "",
                    "eviction_max_pod_grace_period_seconds": 0,
                    "eviction_minimum_reclaim": [],
                    "eviction_soft": [],
                    "eviction_soft_grace_period": [],
                    "image_gc_high_threshold_percent": 0,
                    "image_gc_low_threshold_percent": 0,
                    "image_maximum_gc_age": "",
                    "image_minimum_gc_age": "",
                    "insecure_kubelet_readonly_port_enabled": "FALSE",
                    "max_parallel_image_pulls": 2,
                    "pod_pids_limit": 0,
                    "single_process_oom_kill": false
                  }
                ],
                "labels": {},
                "linux_node_config": [],
                "local_nvme_ssd_block_config": [],
                "local_ssd_count": 0,
                "local_ssd_encryption_mode": "",
                "logging_variant": "DEFAULT",
                "machine_type": "e2-micro",
                "max_run_duration": "",
                "metadata": {
                  "disable-legacy-endpoints": "true"
                },
                "min_cpu_platform": "",
                "node_group": "",
                "oauth_scopes": [
                  "https://www.googleapis.com/auth/cloud-platform"
                ],
                "preemptible": false,
                "reservation_affinity": [],
                "resource_labels": {
                  "goog-gke-node-pool-provisioning-model": "on-demand"
                },
                "resource_manager_tags": null,
                "secondary_boot_disks": [],
                "service_account": "gke-node-sa@deep-chimera-467216-u3.iam.gserviceaccount.com",
                "shielded_instance_config": [
                  {
                    "enable_integrity_monitoring": true,
                    "enable_secure_boot": false
                  }
                ],
                "sole_tenant_config": [],
                "spot": false,
                "storage_pools": null,
                "tags": null,
                "taint": [],
                "windows_node_config": [
                  {
                    "osversion": ""
                  }
                ],
                "workload_metadata_config": []
              }
            ],
            "node_count": 2,
            "node_locations": [
              "us-central1-a"
            ],
            "operation": null,
            "placement_policy": [],
            "project": "deep-chimera-467216-u3",
            "queued_provisioning": [],
            "timeouts": null,
            "upgrade_settings": [
              {
                "blue_green_settings": [],
                "max_surge": 1,
                "max_unavailable": 0,
                "strategy": "SURGE"
              }
            ],
            "version": "1.33.3-gke.1136000"
          },
          "sensitive_attributes": [],
          "identity_schema_version": 0,
          "private": "eyJlMmJmYjczMC1lY2FhLTExZTYtOGY4OC0zNDM2M2JjN2M0YzAiOnsiY3JlYXRlIjoxODAwMDAwMDAwMDAwLCJkZWxldGUiOjE4MDAwMDAwMDAwMDAsInVwZGF0ZSI6MTgwMDAwMDAwMDAwMH0sInNjaGVtYV92ZXJzaW9uIjoiMSJ9",
          "dependencies": [
            "module.gke.google_container_cluster.primary",
            "module.iam.google_service_account.gke_node_sa",
            "module.network.google_compute_network.vpc_network",
            "module.network.google_compute_subnetwork.subnet1"
          ]
        }
      ]
    },
    {
      "module": "module.iam",
      "mode": "managed",
      "type": "google_project_iam_member",
      "name": "node_sa_roles",
      "provider": "provider[\"registry.terraform.io/hashicorp/google\"]",
      "instances": [
        {
          "index_key": "roles/compute.instanceAdmin.v1",
          "schema_version": 0,
          "attributes": {
            "condition": [],
            "etag": "BwY+OcBVrFw=",
            "id": "deep-chimera-467216-u3/roles/compute.instanceAdmin.v1/serviceAccount:gke-node-sa@deep-chimera-467216-u3.iam.gserviceaccount.com",
            "member": "serviceAccount:gke-node-sa@deep-chimera-467216-u3.iam.gserviceaccount.com",
            "project": "deep-chimera-467216-u3",
            "role": "roles/compute.instanceAdmin.v1"
          },
          "sensitive_attributes": [],
          "identity_schema_version": 0,
          "private": "bnVsbA==",
          "dependencies": [
            "module.iam.google_service_account.gke_node_sa"
          ]
        },
        {
          "index_key": "roles/container.nodeServiceAccount",
          "schema_version": 0,
          "attributes": {
            "condition": [],
            "etag": "BwY+OcBVrFw=",
            "id": "deep-chimera-467216-u3/roles/container.nodeServiceAccount/serviceAccount:gke-node-sa@deep-chimera-467216-u3.iam.gserviceaccount.com",
            "member": "serviceAccount:gke-node-sa@deep-chimera-467216-u3.iam.gserviceaccount.com",
            "project": "deep-chimera-467216-u3",
            "role": "roles/container.nodeServiceAccount"
          },
          "sensitive_attributes": [],
          "identity_schema_version": 0,
          "private": "bnVsbA==",
          "dependencies": [
            "module.iam.google_service_account.gke_node_sa"
          ]
        },
        {
          "index_key": "roles/iam.serviceAccountUser",
          "schema_version": 0,
          "attributes": {
            "condition": [],
            "etag": "BwY+OcBVrFw=",
            "id": "deep-chimera-467216-u3/roles/iam.serviceAccountUser/serviceAccount:gke-node-sa@deep-chimera-467216-u3.iam.gserviceaccount.com",
            "member": "serviceAccount:gke-node-sa@deep-chimera-467216-u3.iam.gserviceaccount.com",
            "project": "deep-chimera-467216-u3",
            "role": "roles/iam.serviceAccountUser"
          },
          "sensitive_attributes": [],
          "identity_schema_version": 0,
          "private": "bnVsbA==",
          "dependencies": [
            "module.iam.google_service_account.gke_node_sa"
          ]
        }
      ]
    },
    {
      "module": "module.iam",
      "mode": "managed",
      "type": "google_service_account",
      "name": "gke_cluster_sa",
      "provider": "provider[\"registry.terraform.io/hashicorp/google\"]",
      "instances": [
        {
          "schema_version": 0,
          "attributes": {
            "account_id": "gke-cluster-sa",
            "create_ignore_already_exists": null,
            "description": "",
            "disabled": false,
            "display_name": "GKE Cluster Service Account",
            "email": "gke-cluster-sa@deep-chimera-467216-u3.iam.gserviceaccount.com",
            "id": "projects/deep-chimera-467216-u3/serviceAccounts/gke-cluster-sa@deep-chimera-467216-u3.iam.gserviceaccount.com",
            "member": "serviceAccount:gke-cluster-sa@deep-chimera-467216-u3.iam.gserviceaccount.com",
            "name": "projects/deep-chimera-467216-u3/serviceAccounts/gke-cluster-sa@deep-chimera-467216-u3.iam.gserviceaccount.com",
            "project": "deep-chimera-467216-u3",
            "timeouts": null,
            "unique_id": "106542905081258681711"
          },
          "sensitive_attributes": [],
          "identity_schema_version": 0,
          "private": "eyJlMmJmYjczMC1lY2FhLTExZTYtOGY4OC0zNDM2M2JjN2M0YzAiOnsiY3JlYXRlIjozMDAwMDAwMDAwMDB9fQ=="
        }
      ]
    },
    {
      "module": "module.iam",
      "mode": "managed",
      "type": "google_service_account",
      "name": "gke_node_sa",
      "provider": "provider[\"registry.terraform.io/hashicorp/google\"]",
      "instances": [
        {
          "schema_version": 0,
          "attributes": {
            "account_id": "gke-node-sa",
            "create_ignore_already_exists": null,
            "description": "",
            "disabled": false,
            "display_name": "GKE Node Service Account",
            "email": "gke-node-sa@deep-chimera-467216-u3.iam.gserviceaccount.com",
            "id": "projects/deep-chimera-467216-u3/serviceAccounts/gke-node-sa@deep-chimera-467216-u3.iam.gserviceaccount.com",
            "member": "serviceAccount:gke-node-sa@deep-chimera-467216-u3.iam.gserviceaccount.com",
            "name": "projects/deep-chimera-467216-u3/serviceAccounts/gke-node-sa@deep-chimera-467216-u3.iam.gserviceaccount.com",
            "project": "deep-chimera-467216-u3",
            "timeouts": null,
            "unique_id": "110051619430136418675"
          },
          "sensitive_attributes": [],
          "identity_schema_version": 0,
          "private": "eyJlMmJmYjczMC1lY2FhLTExZTYtOGY4OC0zNDM2M2JjN2M0YzAiOnsiY3JlYXRlIjozMDAwMDAwMDAwMDB9fQ=="
        }
      ]
    },
    {
      "module": "module.network",
      "mode": "managed",
      "type": "google_compute_network",
      "name": "vpc_network",
      "provider": "provider[\"registry.terraform.io/hashicorp/google\"]",
      "instances": [
        {
          "schema_version": 0,
          "attributes": {
            "auto_create_subnetworks": false,
            "bgp_always_compare_med": false,
            "bgp_best_path_selection_mode": "LEGACY",
            "bgp_inter_region_cost": "",
            "delete_default_routes_on_create": false,
            "description": "",
            "enable_ula_internal_ipv6": false,
            "gateway_ipv4": "",
            "id": "projects/deep-chimera-467216-u3/global/networks/terry-gke-vpc",
            "internal_ipv6_range": "",
            "mtu": 0,
            "name": "terry-gke-vpc",
            "network_firewall_policy_enforcement_order": "AFTER_CLASSIC_FIREWALL",
            "network_id": "6432206110023769614",
            "network_profile": "",
            "numeric_id": "6432206110023769614",
            "params": [],
            "project": "deep-chimera-467216-u3",
            "routing_mode": "REGIONAL",
            "self_link": "https://www.googleapis.com/compute/v1/projects/deep-chimera-467216-u3/global/networks/terry-gke-vpc",
            "timeouts": null
          },
          "sensitive_attributes": [],
          "identity_schema_version": 0,
          "private": "eyJlMmJmYjczMC1lY2FhLTExZTYtOGY4OC0zNDM2M2JjN2M0YzAiOnsiY3JlYXRlIjoxMjAwMDAwMDAwMDAwLCJkZWxldGUiOjEyMDAwMDAwMDAwMDAsInVwZGF0ZSI6MTIwMDAwMDAwMDAwMH19"
        }
      ]
    },
    {
      "module": "module.network",
      "mode": "managed",
      "type": "google_compute_subnetwork",
      "name": "subnet1",
      "provider": "provider[\"registry.terraform.io/hashicorp/google\"]",
      "instances": [
        {
          "schema_version": 0,
          "attributes": {
            "creation_timestamp": "2025-09-07T12:45:58.723-07:00",
            "description": "",
            "external_ipv6_prefix": "",
            "fingerprint": null,
            "gateway_address": "10.0.1.1",
            "id": "projects/deep-chimera-467216-u3/regions/us-central1/subnetworks/terry-gke-subnet-1",
            "internal_ipv6_prefix": "",
            "ip_cidr_range": "10.0.1.0/24",
            "ip_collection": null,
            "ipv6_access_type": "",
            "ipv6_cidr_range": "",
            "ipv6_gce_endpoint": "",
            "log_config": [],
            "name": "terry-gke-subnet-1",
            "network": "https://www.googleapis.com/compute/v1/projects/deep-chimera-467216-u3/global/networks/terry-gke-vpc",
            "params": [],
            "private_ip_google_access": false,
            "private_ipv6_google_access": "DISABLE_GOOGLE_ACCESS",
            "project": "deep-chimera-467216-u3",
            "purpose": "PRIVATE",
            "region": "us-central1",
            "reserved_internal_range": "",
            "role": "",
            "secondary_ip_range": [],
            "self_link": "https://www.googleapis.com/compute/v1/projects/deep-chimera-467216-u3/regions/us-central1/subnetworks/terry-gke-subnet-1",
            "send_secondary_ip_range_if_empty": null,
            "stack_type": "IPV4_ONLY",
            "state": "",
            "subnetwork_id": 527669231090687513,
            "timeouts": null
          },
          "sensitive_attributes": [],
          "identity_schema_version": 0,
          "private": "eyJlMmJmYjczMC1lY2FhLTExZTYtOGY4OC0zNDM2M2JjN2M0YzAiOnsiY3JlYXRlIjoxMjAwMDAwMDAwMDAwLCJkZWxldGUiOjEyMDAwMDAwMDAwMDAsInVwZGF0ZSI6MTIwMDAwMDAwMDAwMH19",
          "dependencies": [
            "module.network.google_compute_network.vpc_network"
          ]
        }
      ]
    },
    {
      "module": "module.network",
      "mode": "managed",
      "type": "google_compute_subnetwork",
      "name": "subnet2",
      "provider": "provider[\"registry.terraform.io/hashicorp/google\"]",
      "instances": [
        {
          "schema_version": 0,
          "attributes": {
            "creation_timestamp": "2025-09-07T12:45:59.008-07:00",
            "description": "",
            "external_ipv6_prefix": "",
            "fingerprint": null,
            "gateway_address": "10.0.2.1",
            "id": "projects/deep-chimera-467216-u3/regions/us-central1/subnetworks/terry-gke-subnet-2",
            "internal_ipv6_prefix": "",
            "ip_cidr_range": "10.0.2.0/24",
            "ip_collection": null,
            "ipv6_access_type": "",
            "ipv6_cidr_range": "",
            "ipv6_gce_endpoint": "",
            "log_config": [],
            "name": "terry-gke-subnet-2",
            "network": "https://www.googleapis.com/compute/v1/projects/deep-chimera-467216-u3/global/networks/terry-gke-vpc",
            "params": [],
            "private_ip_google_access": false,
            "private_ipv6_google_access": "DISABLE_GOOGLE_ACCESS",
            "project": "deep-chimera-467216-u3",
            "purpose": "PRIVATE",
            "region": "us-central1",
            "reserved_internal_range": "",
            "role": "",
            "secondary_ip_range": [],
            "self_link": "https://www.googleapis.com/compute/v1/projects/deep-chimera-467216-u3/regions/us-central1/subnetworks/terry-gke-subnet-2",
            "send_secondary_ip_range_if_empty": null,
            "stack_type": "IPV4_ONLY",
            "state": "",
            "subnetwork_id": 7204780893038206489,
            "timeouts": null
          },
          "sensitive_attributes": [],
          "identity_schema_version": 0,
          "private": "eyJlMmJmYjczMC1lY2FhLTExZTYtOGY4OC0zNDM2M2JjN2M0YzAiOnsiY3JlYXRlIjoxMjAwMDAwMDAwMDAwLCJkZWxldGUiOjEyMDAwMDAwMDAwMDAsInVwZGF0ZSI6MTIwMDAwMDAwMDAwMH19",
          "dependencies": [
            "module.network.google_compute_network.vpc_network"
          ]
        }
      ]
    }
  ],
  "check_results": null
}
